
Microsoft Visual Studio Solution File, Format Version 12.00
# Visual Studio Version 17
VisualStudioVersion = 17.14.36930.0
MinimumVisualStudioVersion = 10.0.40219.1
Project("{FAE04EC0-301F-11D3-BF4B-00C04F79EFBC}") = "ECommerce", "EF02\ECommerce.csproj", "{F8297C9E-574D-4A8D-9AB9-D9023EBCA94A}"
EndProject
Project("{FAE04EC0-301F-11D3-BF4B-00C04F79EFBC}") = "Library", "Library\Library.csproj", "{82628C3D-4332-4ED2-85A9-67215B6D0821}"
EndProject
Project("{FAE04EC0-301F-11D3-BF4B-00C04F79EFBC}") = "HealthCare", "HealthCare\HealthCare.csproj", "{8E43A892-E142-444C-B5B7-9044A7DDE772}"
EndProject
Global
	GlobalSection(SolutionConfigurationPlatforms) = preSolution
		Debug|Any CPU = Debug|Any CPU
		Release|Any CPU = Release|Any CPU
	EndGlobalSection
	GlobalSection(ProjectConfigurationPlatforms) = postSolution
		{F8297C9E-574D-4A8D-9AB9-D9023EBCA94A}.Debug|Any CPU.ActiveCfg = Debug|Any CPU
		{F8297C9E-574D-4A8D-9AB9-D9023EBCA94A}.Debug|Any CPU.Build.0 = Debug|Any CPU
		{F8297C9E-574D-4A8D-9AB9-D9023EBCA94A}.Release|Any CPU.ActiveCfg = Release|Any CPU
		{F8297C9E-574D-4A8D-9AB9-D9023EBCA94A}.Release|Any CPU.Build.0 = Release|Any CPU
		{82628C3D-4332-4ED2-85A9-67215B6D0821}.Debug|Any CPU.ActiveCfg = Debug|Any CPU
		{82628C3D-4332-4ED2-85A9-67215B6D0821}.Debug|Any CPU.Build.0 = Debug|Any CPU
		{82628C3D-4332-4ED2-85A9-67215B6D0821}.Release|Any CPU.ActiveCfg = Release|Any CPU
		{82628C3D-4332-4ED2-85A9-67215B6D0821}.Release|Any CPU.Build.0 = Release|Any CPU
		{8E43A892-E142-444C-B5B7-9044A7DDE772}.Debug|Any CPU.ActiveCfg = Debug|Any CPU
		{8E43A892-E142-444C-B5B7-9044A7DDE772}.Debug|Any CPU.Build.0 = Debug|Any CPU
		{8E43A892-E142-444C-B5B7-9044A7DDE772}.Release|Any CPU.ActiveCfg = Release|Any CPU
		{8E43A892-E142-444C-B5B7-9044A7DDE772}.Release|Any CPU.Build.0 = Release|Any CPU
	EndGlobalSection
	GlobalSection(SolutionProperties) = preSolution
		HideSolutionNode = FALSE
	EndGlobalSection
	GlobalSection(ExtensibilityGlobals) = postSolution
		SolutionGuid = {83660A58-D67F-42F8-9B46-6B9DF0E9519D}
	EndGlobalSection
EndGlobal
